{
  "version": 4,
  "terraform_version": "1.3.2",
  "serial": 629,
  "lineage": "656da2b1-abbb-6657-4a3a-ef2da33c6281",
  "outputs": {},
  "resources": [
    {
      "mode": "data",
      "type": "azurerm_client_config",
      "name": "current",
      "provider": "provider[\"registry.terraform.io/hashicorp/azurerm\"]",
      "instances": [
        {
          "schema_version": 0,
          "attributes": {
            "client_id": "04b07795-8ddb-461a-bbee-02f9e1bf7b46",
            "id": "2022-11-18 10:14:05.9511396 +0000 UTC",
            "object_id": "",
            "subscription_id": "b63121dc-16e7-4b98-93e2-a7f9c6c8bd90",
            "tenant_id": "f085d229-976a-4b7a-b8ff-b7d1c05d7dd8",
            "timeouts": null
          },
          "sensitive_attributes": []
        }
      ]
    },
    {
      "mode": "data",
      "type": "azurerm_resources",
      "name": "academy",
      "provider": "provider[\"registry.terraform.io/hashicorp/azurerm\"]",
      "instances": [
        {
          "schema_version": 0,
          "attributes": {
            "id": "resource-d9f09c7e-1267-4a5f-8a56-92a541f4df3c",
            "name": null,
            "required_tags": null,
            "resource_group_name": "Academy",
            "resources": [
              {
                "id": "/subscriptions/b63121dc-16e7-4b98-93e2-a7f9c6c8bd90/resourceGroups/Academy/providers/Microsoft.Storage/storageAccounts/zohotestvars1",
                "location": "westeurope",
                "name": "zohotestvars1",
                "tags": {
                  "Company": "Aardwark",
                  "ms-resource-usage": "azure-cloud-shell"
                },
                "type": "Microsoft.Storage/storageAccounts"
              },
              {
                "id": "/subscriptions/b63121dc-16e7-4b98-93e2-a7f9c6c8bd90/resourceGroups/Academy/providers/Microsoft.Storage/storageAccounts/storageaccountacade9690",
                "location": "westeurope",
                "name": "storageaccountacade9690",
                "tags": {
                  "Company": "Aardwark"
                },
                "type": "Microsoft.Storage/storageAccounts"
              },
              {
                "id": "/subscriptions/b63121dc-16e7-4b98-93e2-a7f9c6c8bd90/resourceGroups/Academy/providers/Microsoft.Network/virtualNetworks/academy-vnet",
                "location": "westeurope",
                "name": "academy-vnet",
                "tags": {
                  "Company": "Aardwark",
                  "displayName": "virtualNetwork1"
                },
                "type": "Microsoft.Network/virtualNetworks"
              },
              {
                "id": "/subscriptions/b63121dc-16e7-4b98-93e2-a7f9c6c8bd90/resourceGroups/Academy/providers/Microsoft.Network/privateEndpoints/redisCachePrivateEndpoint",
                "location": "westeurope",
                "name": "redisCachePrivateEndpoint",
                "tags": {
                  "Company": "Aardwark"
                },
                "type": "Microsoft.Network/privateEndpoints"
              },
              {
                "id": "/subscriptions/b63121dc-16e7-4b98-93e2-a7f9c6c8bd90/resourceGroups/Academy/providers/Microsoft.Network/privateDnsZones/privatelink.redis.cache.windows.net/virtualNetworkLinks/cpmqb4jqpmuhq",
                "location": "global",
                "name": "privatelink.redis.cache.windows.net/cpmqb4jqpmuhq",
                "tags": {
                  "Company": "Aardwark"
                },
                "type": "Microsoft.Network/privateDnsZones/virtualNetworkLinks"
              },
              {
                "id": "/subscriptions/b63121dc-16e7-4b98-93e2-a7f9c6c8bd90/resourceGroups/Academy/providers/Microsoft.Network/privateDnsZones/privatelink.redis.cache.windows.net",
                "location": "global",
                "name": "privatelink.redis.cache.windows.net",
                "tags": {
                  "Company": "Aardwark"
                },
                "type": "Microsoft.Network/privateDnsZones"
              },
              {
                "id": "/subscriptions/b63121dc-16e7-4b98-93e2-a7f9c6c8bd90/resourceGroups/Academy/providers/Microsoft.Network/networkProfiles/zoho-q-proc-srv-networkProfile",
                "location": "westeurope",
                "name": "zoho-q-proc-srv-networkProfile",
                "tags": {
                  "Company": "Aardwark"
                },
                "type": "Microsoft.Network/networkProfiles"
              },
              {
                "id": "/subscriptions/b63121dc-16e7-4b98-93e2-a7f9c6c8bd90/resourceGroups/Academy/providers/Microsoft.Network/networkProfiles/zoho-auth-service-networkProfile",
                "location": "westeurope",
                "name": "zoho-auth-service-networkProfile",
                "tags": {
                  "Company": "Aardwark"
                },
                "type": "Microsoft.Network/networkProfiles"
              },
              {
                "id": "/subscriptions/b63121dc-16e7-4b98-93e2-a7f9c6c8bd90/resourceGroups/Academy/providers/Microsoft.Network/networkInterfaces/redisCachePrivateEndpoint.nic.c77191d7-d1e3-43ba-8861-78b46f84943c",
                "location": "westeurope",
                "name": "redisCachePrivateEndpoint.nic.c77191d7-d1e3-43ba-8861-78b46f84943c",
                "tags": {
                  "Company": "Aardwark"
                },
                "type": "Microsoft.Network/networkInterfaces"
              },
              {
                "id": "/subscriptions/b63121dc-16e7-4b98-93e2-a7f9c6c8bd90/resourceGroups/Academy/providers/Microsoft.KeyVault/vaults/KeyVaultAcademy",
                "location": "westeurope",
                "name": "KeyVaultAcademy",
                "tags": {
                  "Company": "Aardwark"
                },
                "type": "Microsoft.KeyVault/vaults"
              }
            ],
            "timeouts": null,
            "type": null
          },
          "sensitive_attributes": []
        }
      ]
    },
    {
      "mode": "managed",
      "type": "azurerm_key_vault",
      "name": "kv1",
      "provider": "provider[\"registry.terraform.io/hashicorp/azurerm\"]",
      "instances": [
        {
          "status": "tainted",
          "schema_version": 2,
          "attributes": {
            "access_policy": [],
            "contact": [],
            "enable_rbac_authorization": false,
            "enabled_for_deployment": false,
            "enabled_for_disk_encryption": true,
            "enabled_for_template_deployment": false,
            "id": "/subscriptions/b63121dc-16e7-4b98-93e2-a7f9c6c8bd90/resourceGroups/Academy/providers/Microsoft.KeyVault/vaults/kv9name",
            "location": "westeurope",
            "name": "kv9name",
            "network_acls": [
              {
                "bypass": "AzureServices",
                "default_action": "Allow",
                "ip_rules": [],
                "virtual_network_subnet_ids": []
              }
            ],
            "purge_protection_enabled": false,
            "resource_group_name": "Academy",
            "sku_name": "standard",
            "soft_delete_retention_days": 7,
            "tags": null,
            "tenant_id": "f085d229-976a-4b7a-b8ff-b7d1c05d7dd8",
            "timeouts": null,
            "vault_uri": "https://kv9name.vault.azure.net/"
          },
          "sensitive_attributes": [],
          "private": "eyJlMmJmYjczMC1lY2FhLTExZTYtOGY4OC0zNDM2M2JjN2M0YzAiOnsiY3JlYXRlIjoxODAwMDAwMDAwMDAwLCJkZWxldGUiOjE4MDAwMDAwMDAwMDAsInJlYWQiOjMwMDAwMDAwMDAwMCwidXBkYXRlIjoxODAwMDAwMDAwMDAwfSwic2NoZW1hX3ZlcnNpb24iOiIyIn0=",
          "dependencies": [
            "data.azurerm_client_config.current"
          ]
        }
      ]
    },
    {
      "module": "module.application-subnet",
      "mode": "managed",
      "type": "azurerm_subnet",
      "name": "test-sub",
      "provider": "provider[\"registry.terraform.io/hashicorp/azurerm\"]",
      "instances": [
        {
          "schema_version": 0,
          "attributes": {
            "address_prefixes": [
              "10.1.3.0/24"
            ],
            "delegation": [],
            "enforce_private_link_endpoint_network_policies": false,
            "enforce_private_link_service_network_policies": false,
            "id": "/subscriptions/b63121dc-16e7-4b98-93e2-a7f9c6c8bd90/resourceGroups/Academy/providers/Microsoft.Network/virtualNetworks/academy-vnet/subnets/adrian-sub",
            "name": "adrian-sub",
            "resource_group_name": "Academy",
            "service_endpoint_policy_ids": null,
            "service_endpoints": null,
            "timeouts": null,
            "virtual_network_name": "academy-vnet"
          },
          "sensitive_attributes": [],
          "private": "eyJlMmJmYjczMC1lY2FhLTExZTYtOGY4OC0zNDM2M2JjN2M0YzAiOnsiY3JlYXRlIjoxODAwMDAwMDAwMDAwLCJkZWxldGUiOjE4MDAwMDAwMDAwMDAsInJlYWQiOjMwMDAwMDAwMDAwMCwidXBkYXRlIjoxODAwMDAwMDAwMDAwfX0="
        }
      ]
    },
    {
      "module": "module.application-vm",
      "mode": "managed",
      "type": "azurerm_linux_virtual_machine",
      "name": "test-vm",
      "provider": "provider[\"registry.terraform.io/hashicorp/azurerm\"]",
      "instances": [
        {
          "index_key": "vm_one",
          "schema_version": 0,
          "attributes": {
            "additional_capabilities": [],
            "admin_password": "I}dWt}FwIRnPRqSO",
            "admin_ssh_key": [],
            "admin_username": "adminuser",
            "allow_extension_operations": true,
            "availability_set_id": "",
            "boot_diagnostics": [],
            "computer_name": "vmone",
            "custom_data": null,
            "dedicated_host_group_id": "",
            "dedicated_host_id": "",
            "disable_password_authentication": false,
            "edge_zone": "",
            "encryption_at_host_enabled": false,
            "eviction_policy": "",
            "extensions_time_budget": "PT1H30M",
            "id": "/subscriptions/b63121dc-16e7-4b98-93e2-a7f9c6c8bd90/resourceGroups/Academy/providers/Microsoft.Compute/virtualMachines/vmone",
            "identity": [],
            "license_type": "",
            "location": "westeurope",
            "max_bid_price": -1,
            "name": "vmone",
            "network_interface_ids": [
              "/subscriptions/b63121dc-16e7-4b98-93e2-a7f9c6c8bd90/resourceGroups/Academy/providers/Microsoft.Network/networkInterfaces/vmone-infacename"
            ],
            "os_disk": [
              {
                "caching": "ReadWrite",
                "diff_disk_settings": [],
                "disk_encryption_set_id": "",
                "disk_size_gb": 30,
                "name": "vmone_OsDisk_1_e6d511c06fe8449aa4eb7495ec25bd49",
                "storage_account_type": "Standard_LRS",
                "write_accelerator_enabled": false
              }
            ],
            "patch_mode": "ImageDefault",
            "plan": [],
            "platform_fault_domain": -1,
            "priority": "Regular",
            "private_ip_address": "10.1.3.4",
            "private_ip_addresses": [
              "10.1.3.4"
            ],
            "provision_vm_agent": true,
            "proximity_placement_group_id": "",
            "public_ip_address": "",
            "public_ip_addresses": [],
            "resource_group_name": "Academy",
            "secret": [],
            "secure_boot_enabled": false,
            "size": "Standard_B1s",
            "source_image_id": "",
            "source_image_reference": [
              {
                "offer": "UbuntuServer",
                "publisher": "Canonical",
                "sku": "16.04-LTS",
                "version": "latest"
              }
            ],
            "tags": {
              "Company": "Aardwark"
            },
            "termination_notification": null,
            "timeouts": null,
            "user_data": "",
            "virtual_machine_id": "7a658639-2f0d-4f47-9637-15d27510a952",
            "virtual_machine_scale_set_id": "",
            "vtpm_enabled": false,
            "zone": ""
          },
          "sensitive_attributes": [
            [
              {
                "type": "get_attr",
                "value": "admin_password"
              }
            ]
          ],
          "private": "eyJlMmJmYjczMC1lY2FhLTExZTYtOGY4OC0zNDM2M2JjN2M0YzAiOnsiY3JlYXRlIjoyNzAwMDAwMDAwMDAwLCJkZWxldGUiOjI3MDAwMDAwMDAwMDAsInJlYWQiOjMwMDAwMDAwMDAwMCwidXBkYXRlIjoyNzAwMDAwMDAwMDAwfX0=",
          "dependencies": [
            "module.application-subnet.azurerm_subnet.test-sub",
            "module.application-vm.azurerm_network_interface.test-ni",
            "module.application-vm.random_password.password"
          ]
        }
      ]
    },
    {
      "module": "module.application-vm",
      "mode": "managed",
      "type": "azurerm_network_interface",
      "name": "test-ni",
      "provider": "provider[\"registry.terraform.io/hashicorp/azurerm\"]",
      "instances": [
        {
          "index_key": "vm_one",
          "schema_version": 0,
          "attributes": {
            "applied_dns_servers": [],
            "dns_servers": [],
            "edge_zone": "",
            "enable_accelerated_networking": false,
            "enable_ip_forwarding": false,
            "id": "/subscriptions/b63121dc-16e7-4b98-93e2-a7f9c6c8bd90/resourceGroups/Academy/providers/Microsoft.Network/networkInterfaces/vmone-infacename",
            "internal_dns_name_label": "",
            "internal_domain_name_suffix": "q5wgv2hbuayepeatlgb3gekmmf.ax.internal.cloudapp.net",
            "ip_configuration": [
              {
                "gateway_load_balancer_frontend_ip_configuration_id": "",
                "name": "vmone-ipconfname",
                "primary": true,
                "private_ip_address": "10.1.3.4",
                "private_ip_address_allocation": "Dynamic",
                "private_ip_address_version": "IPv4",
                "public_ip_address_id": "",
                "subnet_id": "/subscriptions/b63121dc-16e7-4b98-93e2-a7f9c6c8bd90/resourceGroups/Academy/providers/Microsoft.Network/virtualNetworks/academy-vnet/subnets/adrian-sub"
              }
            ],
            "location": "westeurope",
            "mac_address": "",
            "name": "vmone-infacename",
            "private_ip_address": "10.1.3.4",
            "private_ip_addresses": [
              "10.1.3.4"
            ],
            "resource_group_name": "Academy",
            "tags": {
              "Company": "Aardwark"
            },
            "timeouts": null,
            "virtual_machine_id": ""
          },
          "sensitive_attributes": [],
          "private": "eyJlMmJmYjczMC1lY2FhLTExZTYtOGY4OC0zNDM2M2JjN2M0YzAiOnsiY3JlYXRlIjoxODAwMDAwMDAwMDAwLCJkZWxldGUiOjE4MDAwMDAwMDAwMDAsInJlYWQiOjMwMDAwMDAwMDAwMCwidXBkYXRlIjoxODAwMDAwMDAwMDAwfX0=",
          "dependencies": [
            "module.application-subnet.azurerm_subnet.test-sub"
          ]
        },
        {
          "index_key": "vm_two",
          "schema_version": 0,
          "attributes": {
            "applied_dns_servers": [],
            "dns_servers": [],
            "edge_zone": "",
            "enable_accelerated_networking": false,
            "enable_ip_forwarding": false,
            "id": "/subscriptions/b63121dc-16e7-4b98-93e2-a7f9c6c8bd90/resourceGroups/Academy/providers/Microsoft.Network/networkInterfaces/vmtwo-infacename",
            "internal_dns_name_label": "",
            "internal_domain_name_suffix": "q5wgv2hbuayepeatlgb3gekmmf.ax.internal.cloudapp.net",
            "ip_configuration": [
              {
                "gateway_load_balancer_frontend_ip_configuration_id": "",
                "name": "vmtwo-ipconfname",
                "primary": true,
                "private_ip_address": "10.1.3.5",
                "private_ip_address_allocation": "Dynamic",
                "private_ip_address_version": "IPv4",
                "public_ip_address_id": "",
                "subnet_id": "/subscriptions/b63121dc-16e7-4b98-93e2-a7f9c6c8bd90/resourceGroups/Academy/providers/Microsoft.Network/virtualNetworks/academy-vnet/subnets/adrian-sub"
              }
            ],
            "location": "westeurope",
            "mac_address": "",
            "name": "vmtwo-infacename",
            "private_ip_address": "10.1.3.5",
            "private_ip_addresses": [
              "10.1.3.5"
            ],
            "resource_group_name": "Academy",
            "tags": {
              "Company": "Aardwark"
            },
            "timeouts": null,
            "virtual_machine_id": ""
          },
          "sensitive_attributes": [],
          "private": "eyJlMmJmYjczMC1lY2FhLTExZTYtOGY4OC0zNDM2M2JjN2M0YzAiOnsiY3JlYXRlIjoxODAwMDAwMDAwMDAwLCJkZWxldGUiOjE4MDAwMDAwMDAwMDAsInJlYWQiOjMwMDAwMDAwMDAwMCwidXBkYXRlIjoxODAwMDAwMDAwMDAwfX0=",
          "dependencies": [
            "module.application-subnet.azurerm_subnet.test-sub"
          ]
        }
      ]
    },
    {
      "module": "module.application-vm",
      "mode": "managed",
      "type": "azurerm_windows_virtual_machine",
      "name": "test-vm",
      "provider": "provider[\"registry.terraform.io/hashicorp/azurerm\"]",
      "instances": [
        {
          "index_key": "vm_two",
          "schema_version": 0,
          "attributes": {
            "additional_capabilities": [],
            "additional_unattend_content": [],
            "admin_password": ":I8nuZZ#NY1[DXL4",
            "admin_username": "adminuser",
            "allow_extension_operations": true,
            "availability_set_id": "",
            "boot_diagnostics": [],
            "computer_name": "vmtwo",
            "custom_data": null,
            "dedicated_host_group_id": "",
            "dedicated_host_id": "",
            "edge_zone": "",
            "enable_automatic_updates": true,
            "encryption_at_host_enabled": false,
            "eviction_policy": "",
            "extensions_time_budget": "PT1H30M",
            "hotpatching_enabled": false,
            "id": "/subscriptions/b63121dc-16e7-4b98-93e2-a7f9c6c8bd90/resourceGroups/Academy/providers/Microsoft.Compute/virtualMachines/vmtwo",
            "identity": [],
            "license_type": "",
            "location": "westeurope",
            "max_bid_price": -1,
            "name": "vmtwo",
            "network_interface_ids": [
              "/subscriptions/b63121dc-16e7-4b98-93e2-a7f9c6c8bd90/resourceGroups/Academy/providers/Microsoft.Network/networkInterfaces/vmtwo-infacename"
            ],
            "os_disk": [
              {
                "caching": "ReadWrite",
                "diff_disk_settings": [],
                "disk_encryption_set_id": "",
                "disk_size_gb": 127,
                "name": "vmtwo_OsDisk_1_3dfdb1add1f24c06bbcf848509e13c1e",
                "storage_account_type": "Standard_LRS",
                "write_accelerator_enabled": false
              }
            ],
            "patch_mode": "AutomaticByOS",
            "plan": [],
            "platform_fault_domain": -1,
            "priority": "Regular",
            "private_ip_address": "10.1.3.5",
            "private_ip_addresses": [
              "10.1.3.5"
            ],
            "provision_vm_agent": true,
            "proximity_placement_group_id": "",
            "public_ip_address": "",
            "public_ip_addresses": [],
            "resource_group_name": "Academy",
            "secret": [],
            "secure_boot_enabled": false,
            "size": "Standard_B1s",
            "source_image_id": "",
            "source_image_reference": [
              {
                "offer": "WindowsServer",
                "publisher": "MicrosoftWindowsServer",
                "sku": "2016-Datacenter",
                "version": "latest"
              }
            ],
            "tags": {
              "Company": "Aardwark"
            },
            "termination_notification": null,
            "timeouts": null,
            "timezone": "",
            "user_data": "",
            "virtual_machine_id": "9296db7a-1c5d-4bf7-911b-cb1ed79f4065",
            "virtual_machine_scale_set_id": "",
            "vtpm_enabled": false,
            "winrm_listener": [],
            "zone": ""
          },
          "sensitive_attributes": [
            [
              {
                "type": "get_attr",
                "value": "admin_password"
              }
            ]
          ],
          "private": "eyJlMmJmYjczMC1lY2FhLTExZTYtOGY4OC0zNDM2M2JjN2M0YzAiOnsiY3JlYXRlIjoyNzAwMDAwMDAwMDAwLCJkZWxldGUiOjI3MDAwMDAwMDAwMDAsInJlYWQiOjMwMDAwMDAwMDAwMCwidXBkYXRlIjoyNzAwMDAwMDAwMDAwfX0=",
          "dependencies": [
            "module.application-subnet.azurerm_subnet.test-sub",
            "module.application-vm.azurerm_network_interface.test-ni",
            "module.application-vm.random_password.password"
          ]
        }
      ]
    },
    {
      "module": "module.application-vm",
      "mode": "managed",
      "type": "random_password",
      "name": "password",
      "provider": "provider[\"registry.terraform.io/hashicorp/random\"]",
      "instances": [
        {
          "index_key": "vm_one",
          "schema_version": 3,
          "attributes": {
            "bcrypt_hash": "$2a$10$./4.Bo7Ht69jNMwsiFHZw.jXLGSw8fEjlNHcHKbFHnA2vCG3ddXEu",
            "id": "none",
            "keepers": null,
            "length": 16,
            "lower": true,
            "min_lower": 0,
            "min_numeric": 0,
            "min_special": 0,
            "min_upper": 0,
            "number": true,
            "numeric": true,
            "override_special": "!#$%\u0026*()-_=+[]{}\u003c\u003e:?",
            "result": "I}dWt}FwIRnPRqSO",
            "special": true,
            "upper": true
          },
          "sensitive_attributes": []
        },
        {
          "index_key": "vm_two",
          "schema_version": 3,
          "attributes": {
            "bcrypt_hash": "$2a$10$GZfWkLY8CBACaA16YsQbhuFOYdRP08ivnrJFDW3OQfT3D8HWRr1Ha",
            "id": "none",
            "keepers": null,
            "length": 16,
            "lower": true,
            "min_lower": 0,
            "min_numeric": 0,
            "min_special": 0,
            "min_upper": 0,
            "number": true,
            "numeric": true,
            "override_special": "!#$%\u0026*()-_=+[]{}\u003c\u003e:?",
            "result": ":I8nuZZ#NY1[DXL4",
            "special": true,
            "upper": true
          },
          "sensitive_attributes": []
        }
      ]
    }
  ],
  "check_results": []
}
