{
  "version": 4,
  "terraform_version": "1.3.2",
  "serial": 24,
  "lineage": "749bbf0a-3a04-9f26-e111-80213380db9c",
  "outputs": {},
  "resources": [
    {
      "module": "module.test",
      "mode": "data",
      "type": "azurerm_client_config",
      "name": "current",
      "provider": "module.test.provider[\"registry.terraform.io/hashicorp/azurerm\"]",
      "instances": [
        {
          "schema_version": 0,
          "attributes": {
            "client_id": "04b07795-8ddb-461a-bbee-02f9e1bf7b46",
            "id": "Y2xpZW50Q29uZmlncy9jbGllbnRJZD0wNGIwNzc5NS04ZGRiLTQ2MWEtYmJlZS0wMmY5ZTFiZjdiNDY7b2JqZWN0SWQ9MjgyNjViNDMtZWM5OS00NTc2LTk5NjUtNmJmNmZjYjIzNzU5O3N1YnNjcmlwdGlvbklkPWI2MzEyMWRjLTE2ZTctNGI5OC05M2UyLWE3ZjljNmM4YmQ5MDt0ZW5hbnRJZD1mMDg1ZDIyOS05NzZhLTRiN2EtYjhmZi1iN2QxYzA1ZDdkZDg=",
            "object_id": "28265b43-ec99-4576-9965-6bf6fcb23759",
            "subscription_id": "b63121dc-16e7-4b98-93e2-a7f9c6c8bd90",
            "tenant_id": "f085d229-976a-4b7a-b8ff-b7d1c05d7dd8",
            "timeouts": null
          },
          "sensitive_attributes": []
        }
      ]
    },
    {
      "module": "module.test",
      "mode": "managed",
      "type": "azurerm_key_vault",
      "name": "kv1",
      "provider": "module.test.provider[\"registry.terraform.io/hashicorp/azurerm\"]",
      "instances": [
        {
          "status": "tainted",
          "schema_version": 2,
          "attributes": {
            "access_policy": [
              {
                "application_id": "",
                "certificate_permissions": [],
                "key_permissions": [
                  "Get"
                ],
                "object_id": "28265b43-ec99-4576-9965-6bf6fcb23759",
                "secret_permissions": [
                  "Get"
                ],
                "storage_permissions": [
                  "Get"
                ],
                "tenant_id": "f085d229-976a-4b7a-b8ff-b7d1c05d7dd8"
              }
            ],
            "contact": [],
            "enable_rbac_authorization": false,
            "enabled_for_deployment": false,
            "enabled_for_disk_encryption": true,
            "enabled_for_template_deployment": false,
            "id": "/subscriptions/b63121dc-16e7-4b98-93e2-a7f9c6c8bd90/resourceGroups/Academy/providers/Microsoft.KeyVault/vaults/kv1name",
            "location": "westeurope",
            "name": "kv1name",
            "network_acls": [
              {
                "bypass": "AzureServices",
                "default_action": "Allow",
                "ip_rules": [],
                "virtual_network_subnet_ids": []
              }
            ],
            "public_network_access_enabled": true,
            "purge_protection_enabled": false,
            "resource_group_name": "Academy",
            "sku_name": "standard",
            "soft_delete_retention_days": 7,
            "tags": {
              "Company": "Aardwark"
            },
            "tenant_id": "f085d229-976a-4b7a-b8ff-b7d1c05d7dd8",
            "timeouts": null,
            "vault_uri": "https://kv1name.vault.azure.net/"
          },
          "sensitive_attributes": [],
          "private": "eyJlMmJmYjczMC1lY2FhLTExZTYtOGY4OC0zNDM2M2JjN2M0YzAiOnsiY3JlYXRlIjoxODAwMDAwMDAwMDAwLCJkZWxldGUiOjE4MDAwMDAwMDAwMDAsInJlYWQiOjMwMDAwMDAwMDAwMCwidXBkYXRlIjoxODAwMDAwMDAwMDAwfSwic2NoZW1hX3ZlcnNpb24iOiIyIn0=",
          "dependencies": [
            "module.test.data.azurerm_client_config.current"
          ]
        }
      ]
    }
  ],
  "check_results": []
}
