{
  "version": 4,
  "terraform_version": "1.3.2",
  "serial": 11,
  "lineage": "749bbf0a-3a04-9f26-e111-80213380db9c",
  "outputs": {},
  "resources": [
    {
      "module": "module.test",
      "mode": "data",
      "type": "azurerm_client_config",
      "name": "current",
      "provider": "module.test.provider[\"registry.terraform.io/hashicorp/azurerm\"]",
      "instances": [
        {
          "schema_version": 0,
          "attributes": {
            "client_id": "04b07795-8ddb-461a-bbee-02f9e1bf7b46",
            "id": "Y2xpZW50Q29uZmlncy9jbGllbnRJZD0wNGIwNzc5NS04ZGRiLTQ2MWEtYmJlZS0wMmY5ZTFiZjdiNDY7b2JqZWN0SWQ9MjgyNjViNDMtZWM5OS00NTc2LTk5NjUtNmJmNmZjYjIzNzU5O3N1YnNjcmlwdGlvbklkPWI2MzEyMWRjLTE2ZTctNGI5OC05M2UyLWE3ZjljNmM4YmQ5MDt0ZW5hbnRJZD1mMDg1ZDIyOS05NzZhLTRiN2EtYjhmZi1iN2QxYzA1ZDdkZDg=",
            "object_id": "28265b43-ec99-4576-9965-6bf6fcb23759",
            "subscription_id": "b63121dc-16e7-4b98-93e2-a7f9c6c8bd90",
            "tenant_id": "f085d229-976a-4b7a-b8ff-b7d1c05d7dd8",
            "timeouts": null
          },
          "sensitive_attributes": []
        }
      ]
    },
    {
      "module": "module.test",
      "mode": "data",
      "type": "azurerm_resources",
      "name": "academy",
      "provider": "module.test.provider[\"registry.terraform.io/hashicorp/azurerm\"]",
      "instances": [
        {
          "schema_version": 0,
          "attributes": {
            "id": "resource-94a3b7d9-99cf-46d6-9602-f9393570edb1",
            "name": null,
            "required_tags": null,
            "resource_group_name": "Academy",
            "resources": [
              {
                "id": "/subscriptions/b63121dc-16e7-4b98-93e2-a7f9c6c8bd90/resourceGroups/Academy/providers/Microsoft.KeyVault/vaults/KeyVaultAcademy",
                "location": "westeurope",
                "name": "KeyVaultAcademy",
                "resource_group_name": "Academy",
                "tags": {
                  "Company": "Aardwark"
                },
                "type": "Microsoft.KeyVault/vaults"
              },
              {
                "id": "/subscriptions/b63121dc-16e7-4b98-93e2-a7f9c6c8bd90/resourceGroups/Academy/providers/Microsoft.Network/networkInterfaces/redisCachePrivateEndpoint.nic.c77191d7-d1e3-43ba-8861-78b46f84943c",
                "location": "westeurope",
                "name": "redisCachePrivateEndpoint.nic.c77191d7-d1e3-43ba-8861-78b46f84943c",
                "resource_group_name": "Academy",
                "tags": {
                  "Company": "Aardwark"
                },
                "type": "Microsoft.Network/networkInterfaces"
              },
              {
                "id": "/subscriptions/b63121dc-16e7-4b98-93e2-a7f9c6c8bd90/resourceGroups/Academy/providers/Microsoft.Network/networkProfiles/zoho-auth-service-networkProfile",
                "location": "westeurope",
                "name": "zoho-auth-service-networkProfile",
                "resource_group_name": "Academy",
                "tags": {
                  "Company": "Aardwark"
                },
                "type": "Microsoft.Network/networkProfiles"
              },
              {
                "id": "/subscriptions/b63121dc-16e7-4b98-93e2-a7f9c6c8bd90/resourceGroups/Academy/providers/Microsoft.Network/networkProfiles/zoho-q-proc-srv-networkProfile",
                "location": "westeurope",
                "name": "zoho-q-proc-srv-networkProfile",
                "resource_group_name": "Academy",
                "tags": {
                  "Company": "Aardwark"
                },
                "type": "Microsoft.Network/networkProfiles"
              },
              {
                "id": "/subscriptions/b63121dc-16e7-4b98-93e2-a7f9c6c8bd90/resourceGroups/Academy/providers/Microsoft.Network/privateDnsZones/privatelink.redis.cache.windows.net",
                "location": "global",
                "name": "privatelink.redis.cache.windows.net",
                "resource_group_name": "Academy",
                "tags": {
                  "Company": "Aardwark"
                },
                "type": "Microsoft.Network/privateDnsZones"
              },
              {
                "id": "/subscriptions/b63121dc-16e7-4b98-93e2-a7f9c6c8bd90/resourceGroups/Academy/providers/Microsoft.Network/privateDnsZones/privatelink.redis.cache.windows.net/virtualNetworkLinks/cpmqb4jqpmuhq",
                "location": "global",
                "name": "privatelink.redis.cache.windows.net/cpmqb4jqpmuhq",
                "resource_group_name": "Academy",
                "tags": {
                  "Company": "Aardwark"
                },
                "type": "Microsoft.Network/privateDnsZones/virtualNetworkLinks"
              },
              {
                "id": "/subscriptions/b63121dc-16e7-4b98-93e2-a7f9c6c8bd90/resourceGroups/Academy/providers/Microsoft.Network/privateEndpoints/redisCachePrivateEndpoint",
                "location": "westeurope",
                "name": "redisCachePrivateEndpoint",
                "resource_group_name": "Academy",
                "tags": {
                  "Company": "Aardwark"
                },
                "type": "Microsoft.Network/privateEndpoints"
              },
              {
                "id": "/subscriptions/b63121dc-16e7-4b98-93e2-a7f9c6c8bd90/resourceGroups/Academy/providers/Microsoft.Network/virtualNetworks/academy-vnet",
                "location": "westeurope",
                "name": "academy-vnet",
                "resource_group_name": "Academy",
                "tags": {
                  "Company": "Aardwark",
                  "displayName": "virtualNetwork1"
                },
                "type": "Microsoft.Network/virtualNetworks"
              },
              {
                "id": "/subscriptions/b63121dc-16e7-4b98-93e2-a7f9c6c8bd90/resourceGroups/Academy/providers/Microsoft.Storage/storageAccounts/storageaccountacade9690",
                "location": "westeurope",
                "name": "storageaccountacade9690",
                "resource_group_name": "Academy",
                "tags": {
                  "Company": "Aardwark"
                },
                "type": "Microsoft.Storage/storageAccounts"
              },
              {
                "id": "/subscriptions/b63121dc-16e7-4b98-93e2-a7f9c6c8bd90/resourceGroups/Academy/providers/Microsoft.Storage/storageAccounts/teststoragepredprip",
                "location": "westeurope",
                "name": "teststoragepredprip",
                "resource_group_name": "Academy",
                "tags": {
                  "Company": "Aardwark"
                },
                "type": "Microsoft.Storage/storageAccounts"
              },
              {
                "id": "/subscriptions/b63121dc-16e7-4b98-93e2-a7f9c6c8bd90/resourceGroups/Academy/providers/Microsoft.Storage/storageAccounts/zohotestvars1",
                "location": "westeurope",
                "name": "zohotestvars1",
                "resource_group_name": "Academy",
                "tags": {
                  "Company": "Aardwark",
                  "ms-resource-usage": "azure-cloud-shell"
                },
                "type": "Microsoft.Storage/storageAccounts"
              }
            ],
            "timeouts": null,
            "type": null
          },
          "sensitive_attributes": []
        }
      ]
    },
    {
      "module": "module.test",
      "mode": "managed",
      "type": "azurerm_key_vault",
      "name": "kv1",
      "provider": "module.test.provider[\"registry.terraform.io/hashicorp/azurerm\"]",
      "instances": [
        {
          "status": "tainted",
          "schema_version": 2,
          "attributes": {
            "access_policy": [
              {
                "application_id": "",
                "certificate_permissions": null,
                "key_permissions": [
                  "Get"
                ],
                "object_id": "28265b43-ec99-4576-9965-6bf6fcb23759",
                "secret_permissions": [
                  "Get"
                ],
                "storage_permissions": [
                  "Get"
                ],
                "tenant_id": "f085d229-976a-4b7a-b8ff-b7d1c05d7dd8"
              }
            ],
            "contact": [
              {
                "email": "adrian.komorny@aardwark.com",
                "name": "",
                "phone": ""
              }
            ],
            "enable_rbac_authorization": null,
            "enabled_for_deployment": null,
            "enabled_for_disk_encryption": true,
            "enabled_for_template_deployment": null,
            "id": "/subscriptions/b63121dc-16e7-4b98-93e2-a7f9c6c8bd90/resourceGroups/Academy/providers/Microsoft.KeyVault/vaults/kv1name",
            "location": "westeurope",
            "name": "kv1name",
            "network_acls": null,
            "public_network_access_enabled": true,
            "purge_protection_enabled": false,
            "resource_group_name": "Academy",
            "sku_name": "standard",
            "soft_delete_retention_days": 7,
            "tags": null,
            "tenant_id": "f085d229-976a-4b7a-b8ff-b7d1c05d7dd8",
            "timeouts": null,
            "vault_uri": null
          },
          "sensitive_attributes": [],
          "private": "eyJlMmJmYjczMC1lY2FhLTExZTYtOGY4OC0zNDM2M2JjN2M0YzAiOnsiY3JlYXRlIjoxODAwMDAwMDAwMDAwLCJkZWxldGUiOjE4MDAwMDAwMDAwMDAsInJlYWQiOjMwMDAwMDAwMDAwMCwidXBkYXRlIjoxODAwMDAwMDAwMDAwfSwic2NoZW1hX3ZlcnNpb24iOiIyIn0=",
          "dependencies": [
            "module.test.data.azurerm_client_config.current"
          ]
        }
      ]
    },
    {
      "module": "module.test.module.application-subnet",
      "mode": "managed",
      "type": "azurerm_subnet",
      "name": "test-sub",
      "provider": "module.test.provider[\"registry.terraform.io/hashicorp/azurerm\"]",
      "instances": [
        {
          "schema_version": 0,
          "attributes": {
            "address_prefixes": [
              "10.1.3.0/24"
            ],
            "delegation": [],
            "enforce_private_link_endpoint_network_policies": false,
            "enforce_private_link_service_network_policies": false,
            "id": "/subscriptions/b63121dc-16e7-4b98-93e2-a7f9c6c8bd90/resourceGroups/Academy/providers/Microsoft.Network/virtualNetworks/academy-vnet/subnets/adrian-sub",
            "name": "adrian-sub",
            "private_endpoint_network_policies_enabled": true,
            "private_link_service_network_policies_enabled": true,
            "resource_group_name": "Academy",
            "service_endpoint_policy_ids": null,
            "service_endpoints": null,
            "timeouts": null,
            "virtual_network_name": "academy-vnet"
          },
          "sensitive_attributes": [],
          "private": "eyJlMmJmYjczMC1lY2FhLTExZTYtOGY4OC0zNDM2M2JjN2M0YzAiOnsiY3JlYXRlIjoxODAwMDAwMDAwMDAwLCJkZWxldGUiOjE4MDAwMDAwMDAwMDAsInJlYWQiOjMwMDAwMDAwMDAwMCwidXBkYXRlIjoxODAwMDAwMDAwMDAwfX0="
        }
      ]
    },
    {
      "module": "module.test.module.application-vm",
      "mode": "managed",
      "type": "azurerm_linux_virtual_machine",
      "name": "test-vm",
      "provider": "module.test.provider[\"registry.terraform.io/hashicorp/azurerm\"]",
      "instances": [
        {
          "index_key": "vm_one",
          "schema_version": 0,
          "attributes": {
            "additional_capabilities": [],
            "admin_password": "hCZ71g18W}%2)E%R",
            "admin_ssh_key": [],
            "admin_username": "adminuser",
            "allow_extension_operations": true,
            "availability_set_id": "",
            "boot_diagnostics": [],
            "capacity_reservation_group_id": "",
            "computer_name": "vmone",
            "custom_data": null,
            "dedicated_host_group_id": "",
            "dedicated_host_id": "",
            "disable_password_authentication": false,
            "edge_zone": "",
            "encryption_at_host_enabled": false,
            "eviction_policy": "",
            "extensions_time_budget": "PT1H30M",
            "gallery_application": [],
            "id": "/subscriptions/b63121dc-16e7-4b98-93e2-a7f9c6c8bd90/resourceGroups/Academy/providers/Microsoft.Compute/virtualMachines/vmone",
            "identity": [],
            "license_type": "",
            "location": "westeurope",
            "max_bid_price": -1,
            "name": "vmone",
            "network_interface_ids": [
              "/subscriptions/b63121dc-16e7-4b98-93e2-a7f9c6c8bd90/resourceGroups/Academy/providers/Microsoft.Network/networkInterfaces/vmone-infacename"
            ],
            "os_disk": [
              {
                "caching": "ReadWrite",
                "diff_disk_settings": [],
                "disk_encryption_set_id": "",
                "disk_size_gb": 30,
                "name": "vmone_OsDisk_1_0e208fc11ce74e5393d9a5fd296f0953",
                "secure_vm_disk_encryption_set_id": "",
                "security_encryption_type": "",
                "storage_account_type": "Standard_LRS",
                "write_accelerator_enabled": false
              }
            ],
            "patch_assessment_mode": "ImageDefault",
            "patch_mode": "ImageDefault",
            "plan": [],
            "platform_fault_domain": -1,
            "priority": "Regular",
            "private_ip_address": "10.1.3.6",
            "private_ip_addresses": [
              "10.1.3.6"
            ],
            "provision_vm_agent": true,
            "proximity_placement_group_id": "",
            "public_ip_address": "",
            "public_ip_addresses": [],
            "resource_group_name": "Academy",
            "secret": [],
            "secure_boot_enabled": false,
            "size": "Standard_B1s",
            "source_image_id": "",
            "source_image_reference": [
              {
                "offer": "UbuntuServer",
                "publisher": "Canonical",
                "sku": "16.04-LTS",
                "version": "latest"
              }
            ],
            "tags": {
              "Company": "Aardwark"
            },
            "termination_notification": null,
            "timeouts": null,
            "user_data": "",
            "virtual_machine_id": "c77455d6-9d7c-4795-b7ed-f4e7bfa0e0b8",
            "virtual_machine_scale_set_id": "",
            "vtpm_enabled": false,
            "zone": ""
          },
          "sensitive_attributes": [
            [
              {
                "type": "get_attr",
                "value": "admin_password"
              }
            ]
          ],
          "private": "eyJlMmJmYjczMC1lY2FhLTExZTYtOGY4OC0zNDM2M2JjN2M0YzAiOnsiY3JlYXRlIjoyNzAwMDAwMDAwMDAwLCJkZWxldGUiOjI3MDAwMDAwMDAwMDAsInJlYWQiOjMwMDAwMDAwMDAwMCwidXBkYXRlIjoyNzAwMDAwMDAwMDAwfX0=",
          "dependencies": [
            "module.test.module.application-subnet.azurerm_subnet.test-sub",
            "module.test.module.application-vm.azurerm_network_interface.test-ni",
            "module.test.module.application-vm.random_password.password"
          ]
        }
      ]
    },
    {
      "module": "module.test.module.application-vm",
      "mode": "managed",
      "type": "azurerm_network_interface",
      "name": "test-ni",
      "provider": "module.test.provider[\"registry.terraform.io/hashicorp/azurerm\"]",
      "instances": [
        {
          "index_key": "vm_one",
          "schema_version": 0,
          "attributes": {
            "applied_dns_servers": [],
            "dns_servers": [],
            "edge_zone": "",
            "enable_accelerated_networking": false,
            "enable_ip_forwarding": false,
            "id": "/subscriptions/b63121dc-16e7-4b98-93e2-a7f9c6c8bd90/resourceGroups/Academy/providers/Microsoft.Network/networkInterfaces/vmone-infacename",
            "internal_dns_name_label": "",
            "internal_domain_name_suffix": "q5wgv2hbuayepeatlgb3gekmmf.ax.internal.cloudapp.net",
            "ip_configuration": [
              {
                "gateway_load_balancer_frontend_ip_configuration_id": "",
                "name": "vmone-ipconfname",
                "primary": true,
                "private_ip_address": "10.1.3.6",
                "private_ip_address_allocation": "Dynamic",
                "private_ip_address_version": "IPv4",
                "public_ip_address_id": "",
                "subnet_id": "/subscriptions/b63121dc-16e7-4b98-93e2-a7f9c6c8bd90/resourceGroups/Academy/providers/Microsoft.Network/virtualNetworks/academy-vnet/subnets/adrian-sub"
              }
            ],
            "location": "westeurope",
            "mac_address": "",
            "name": "vmone-infacename",
            "private_ip_address": "10.1.3.6",
            "private_ip_addresses": [
              "10.1.3.6"
            ],
            "resource_group_name": "Academy",
            "tags": {
              "Company": "Aardwark"
            },
            "timeouts": null,
            "virtual_machine_id": ""
          },
          "sensitive_attributes": [],
          "private": "eyJlMmJmYjczMC1lY2FhLTExZTYtOGY4OC0zNDM2M2JjN2M0YzAiOnsiY3JlYXRlIjoxODAwMDAwMDAwMDAwLCJkZWxldGUiOjE4MDAwMDAwMDAwMDAsInJlYWQiOjMwMDAwMDAwMDAwMCwidXBkYXRlIjoxODAwMDAwMDAwMDAwfX0=",
          "dependencies": [
            "module.test.module.application-subnet.azurerm_subnet.test-sub"
          ]
        },
        {
          "index_key": "vm_three",
          "schema_version": 0,
          "attributes": {
            "applied_dns_servers": [],
            "dns_servers": [],
            "edge_zone": "",
            "enable_accelerated_networking": false,
            "enable_ip_forwarding": false,
            "id": "/subscriptions/b63121dc-16e7-4b98-93e2-a7f9c6c8bd90/resourceGroups/Academy/providers/Microsoft.Network/networkInterfaces/vmthree-infacename",
            "internal_dns_name_label": "",
            "internal_domain_name_suffix": "q5wgv2hbuayepeatlgb3gekmmf.ax.internal.cloudapp.net",
            "ip_configuration": [
              {
                "gateway_load_balancer_frontend_ip_configuration_id": "",
                "name": "vmthree-ipconfname",
                "primary": true,
                "private_ip_address": "10.1.3.5",
                "private_ip_address_allocation": "Dynamic",
                "private_ip_address_version": "IPv4",
                "public_ip_address_id": "",
                "subnet_id": "/subscriptions/b63121dc-16e7-4b98-93e2-a7f9c6c8bd90/resourceGroups/Academy/providers/Microsoft.Network/virtualNetworks/academy-vnet/subnets/adrian-sub"
              }
            ],
            "location": "westeurope",
            "mac_address": "",
            "name": "vmthree-infacename",
            "private_ip_address": "10.1.3.5",
            "private_ip_addresses": [
              "10.1.3.5"
            ],
            "resource_group_name": "Academy",
            "tags": {
              "Company": "Aardwark"
            },
            "timeouts": null,
            "virtual_machine_id": ""
          },
          "sensitive_attributes": [],
          "private": "eyJlMmJmYjczMC1lY2FhLTExZTYtOGY4OC0zNDM2M2JjN2M0YzAiOnsiY3JlYXRlIjoxODAwMDAwMDAwMDAwLCJkZWxldGUiOjE4MDAwMDAwMDAwMDAsInJlYWQiOjMwMDAwMDAwMDAwMCwidXBkYXRlIjoxODAwMDAwMDAwMDAwfX0=",
          "dependencies": [
            "module.test.module.application-subnet.azurerm_subnet.test-sub"
          ]
        },
        {
          "index_key": "vm_two",
          "schema_version": 0,
          "attributes": {
            "applied_dns_servers": [],
            "dns_servers": [],
            "edge_zone": "",
            "enable_accelerated_networking": false,
            "enable_ip_forwarding": false,
            "id": "/subscriptions/b63121dc-16e7-4b98-93e2-a7f9c6c8bd90/resourceGroups/Academy/providers/Microsoft.Network/networkInterfaces/vmtwo-infacename",
            "internal_dns_name_label": "",
            "internal_domain_name_suffix": "q5wgv2hbuayepeatlgb3gekmmf.ax.internal.cloudapp.net",
            "ip_configuration": [
              {
                "gateway_load_balancer_frontend_ip_configuration_id": "",
                "name": "vmtwo-ipconfname",
                "primary": true,
                "private_ip_address": "10.1.3.4",
                "private_ip_address_allocation": "Dynamic",
                "private_ip_address_version": "IPv4",
                "public_ip_address_id": "",
                "subnet_id": "/subscriptions/b63121dc-16e7-4b98-93e2-a7f9c6c8bd90/resourceGroups/Academy/providers/Microsoft.Network/virtualNetworks/academy-vnet/subnets/adrian-sub"
              }
            ],
            "location": "westeurope",
            "mac_address": "",
            "name": "vmtwo-infacename",
            "private_ip_address": "10.1.3.4",
            "private_ip_addresses": [
              "10.1.3.4"
            ],
            "resource_group_name": "Academy",
            "tags": {
              "Company": "Aardwark"
            },
            "timeouts": null,
            "virtual_machine_id": ""
          },
          "sensitive_attributes": [],
          "private": "eyJlMmJmYjczMC1lY2FhLTExZTYtOGY4OC0zNDM2M2JjN2M0YzAiOnsiY3JlYXRlIjoxODAwMDAwMDAwMDAwLCJkZWxldGUiOjE4MDAwMDAwMDAwMDAsInJlYWQiOjMwMDAwMDAwMDAwMCwidXBkYXRlIjoxODAwMDAwMDAwMDAwfX0=",
          "dependencies": [
            "module.test.module.application-subnet.azurerm_subnet.test-sub"
          ]
        }
      ]
    },
    {
      "module": "module.test.module.application-vm",
      "mode": "managed",
      "type": "azurerm_windows_virtual_machine",
      "name": "test-vm",
      "provider": "module.test.provider[\"registry.terraform.io/hashicorp/azurerm\"]",
      "instances": [
        {
          "index_key": "vm_three",
          "schema_version": 0,
          "attributes": {
            "additional_capabilities": [],
            "additional_unattend_content": [],
            "admin_password": "k)jx+*x4m5y1khfa",
            "admin_username": "adminuser",
            "allow_extension_operations": true,
            "availability_set_id": "",
            "boot_diagnostics": [],
            "capacity_reservation_group_id": "",
            "computer_name": "vmthree",
            "custom_data": null,
            "dedicated_host_group_id": "",
            "dedicated_host_id": "",
            "edge_zone": "",
            "enable_automatic_updates": true,
            "encryption_at_host_enabled": false,
            "eviction_policy": "",
            "extensions_time_budget": "PT1H30M",
            "gallery_application": [],
            "hotpatching_enabled": false,
            "id": "/subscriptions/b63121dc-16e7-4b98-93e2-a7f9c6c8bd90/resourceGroups/Academy/providers/Microsoft.Compute/virtualMachines/vmthree",
            "identity": [],
            "license_type": "",
            "location": "westeurope",
            "max_bid_price": -1,
            "name": "vmthree",
            "network_interface_ids": [
              "/subscriptions/b63121dc-16e7-4b98-93e2-a7f9c6c8bd90/resourceGroups/Academy/providers/Microsoft.Network/networkInterfaces/vmthree-infacename"
            ],
            "os_disk": [
              {
                "caching": "ReadWrite",
                "diff_disk_settings": [],
                "disk_encryption_set_id": "",
                "disk_size_gb": 127,
                "name": "vmthree_disk1_1ac7c839703e42038aed5a46f41f6f2b",
                "secure_vm_disk_encryption_set_id": "",
                "security_encryption_type": "",
                "storage_account_type": "Standard_LRS",
                "write_accelerator_enabled": false
              }
            ],
            "patch_assessment_mode": "ImageDefault",
            "patch_mode": "AutomaticByOS",
            "plan": [],
            "platform_fault_domain": -1,
            "priority": "Regular",
            "private_ip_address": "10.1.3.5",
            "private_ip_addresses": [
              "10.1.3.5"
            ],
            "provision_vm_agent": true,
            "proximity_placement_group_id": "",
            "public_ip_address": "",
            "public_ip_addresses": [],
            "resource_group_name": "Academy",
            "secret": [],
            "secure_boot_enabled": false,
            "size": "Standard_B1s",
            "source_image_id": "",
            "source_image_reference": [
              {
                "offer": "WindowsServer",
                "publisher": "MicrosoftWindowsServer",
                "sku": "2016-Datacenter",
                "version": "latest"
              }
            ],
            "tags": {
              "Company": "Aardwark"
            },
            "termination_notification": null,
            "timeouts": null,
            "timezone": "",
            "user_data": "",
            "virtual_machine_id": "e91b2fd0-4630-470b-b2e1-b26bd86c170b",
            "virtual_machine_scale_set_id": "",
            "vtpm_enabled": false,
            "winrm_listener": [],
            "zone": ""
          },
          "sensitive_attributes": [
            [
              {
                "type": "get_attr",
                "value": "admin_password"
              }
            ]
          ],
          "private": "eyJlMmJmYjczMC1lY2FhLTExZTYtOGY4OC0zNDM2M2JjN2M0YzAiOnsiY3JlYXRlIjoyNzAwMDAwMDAwMDAwLCJkZWxldGUiOjI3MDAwMDAwMDAwMDAsInJlYWQiOjMwMDAwMDAwMDAwMCwidXBkYXRlIjoyNzAwMDAwMDAwMDAwfX0=",
          "dependencies": [
            "module.test.module.application-subnet.azurerm_subnet.test-sub",
            "module.test.module.application-vm.azurerm_network_interface.test-ni",
            "module.test.module.application-vm.random_password.password"
          ]
        },
        {
          "index_key": "vm_two",
          "schema_version": 0,
          "attributes": {
            "additional_capabilities": [],
            "additional_unattend_content": [],
            "admin_password": "*w{fyC]]pJ4=C2%F",
            "admin_username": "adminuser",
            "allow_extension_operations": true,
            "availability_set_id": "",
            "boot_diagnostics": [],
            "capacity_reservation_group_id": "",
            "computer_name": "vmtwo",
            "custom_data": null,
            "dedicated_host_group_id": "",
            "dedicated_host_id": "",
            "edge_zone": "",
            "enable_automatic_updates": true,
            "encryption_at_host_enabled": false,
            "eviction_policy": "",
            "extensions_time_budget": "PT1H30M",
            "gallery_application": [],
            "hotpatching_enabled": false,
            "id": "/subscriptions/b63121dc-16e7-4b98-93e2-a7f9c6c8bd90/resourceGroups/Academy/providers/Microsoft.Compute/virtualMachines/vmtwo",
            "identity": [],
            "license_type": "",
            "location": "westeurope",
            "max_bid_price": -1,
            "name": "vmtwo",
            "network_interface_ids": [
              "/subscriptions/b63121dc-16e7-4b98-93e2-a7f9c6c8bd90/resourceGroups/Academy/providers/Microsoft.Network/networkInterfaces/vmtwo-infacename"
            ],
            "os_disk": [
              {
                "caching": "ReadWrite",
                "diff_disk_settings": [],
                "disk_encryption_set_id": "",
                "disk_size_gb": 127,
                "name": "vmtwo_OsDisk_1_8e875a107ef843adbd0ab08cec738dbf",
                "secure_vm_disk_encryption_set_id": "",
                "security_encryption_type": "",
                "storage_account_type": "Standard_LRS",
                "write_accelerator_enabled": false
              }
            ],
            "patch_assessment_mode": "ImageDefault",
            "patch_mode": "AutomaticByOS",
            "plan": [],
            "platform_fault_domain": -1,
            "priority": "Regular",
            "private_ip_address": "10.1.3.4",
            "private_ip_addresses": [
              "10.1.3.4"
            ],
            "provision_vm_agent": true,
            "proximity_placement_group_id": "",
            "public_ip_address": "",
            "public_ip_addresses": [],
            "resource_group_name": "Academy",
            "secret": [],
            "secure_boot_enabled": false,
            "size": "Standard_B1s",
            "source_image_id": "",
            "source_image_reference": [
              {
                "offer": "WindowsServer",
                "publisher": "MicrosoftWindowsServer",
                "sku": "2016-Datacenter",
                "version": "latest"
              }
            ],
            "tags": {
              "Company": "Aardwark"
            },
            "termination_notification": null,
            "timeouts": null,
            "timezone": "",
            "user_data": "",
            "virtual_machine_id": "e3419665-03d2-4ef2-9aad-1835c60dd7d1",
            "virtual_machine_scale_set_id": "",
            "vtpm_enabled": false,
            "winrm_listener": [],
            "zone": ""
          },
          "sensitive_attributes": [
            [
              {
                "type": "get_attr",
                "value": "admin_password"
              }
            ]
          ],
          "private": "eyJlMmJmYjczMC1lY2FhLTExZTYtOGY4OC0zNDM2M2JjN2M0YzAiOnsiY3JlYXRlIjoyNzAwMDAwMDAwMDAwLCJkZWxldGUiOjI3MDAwMDAwMDAwMDAsInJlYWQiOjMwMDAwMDAwMDAwMCwidXBkYXRlIjoyNzAwMDAwMDAwMDAwfX0=",
          "dependencies": [
            "module.test.module.application-subnet.azurerm_subnet.test-sub",
            "module.test.module.application-vm.azurerm_network_interface.test-ni",
            "module.test.module.application-vm.random_password.password"
          ]
        }
      ]
    },
    {
      "module": "module.test.module.application-vm",
      "mode": "managed",
      "type": "random_password",
      "name": "password",
      "provider": "provider[\"registry.terraform.io/hashicorp/random\"]",
      "instances": [
        {
          "index_key": "vm_one",
          "schema_version": 3,
          "attributes": {
            "bcrypt_hash": "$2a$10$qjjXZdwkOlqev7GoSMiH2OOXtuu4RGsB5zkj3zGgcDRvHWfwvCNW2",
            "id": "none",
            "keepers": null,
            "length": 16,
            "lower": true,
            "min_lower": 0,
            "min_numeric": 0,
            "min_special": 0,
            "min_upper": 0,
            "number": true,
            "numeric": true,
            "override_special": "!#$%\u0026*()-_=+[]{}\u003c\u003e:?",
            "result": "hCZ71g18W}%2)E%R",
            "special": true,
            "upper": true
          },
          "sensitive_attributes": []
        },
        {
          "index_key": "vm_three",
          "schema_version": 3,
          "attributes": {
            "bcrypt_hash": "$2a$10$eU3kX6QUySn1q/ttB1Drm.8QEKnLox2hN6qe9TdZdEB23ZBzwmCnu",
            "id": "none",
            "keepers": null,
            "length": 16,
            "lower": true,
            "min_lower": 0,
            "min_numeric": 0,
            "min_special": 0,
            "min_upper": 0,
            "number": true,
            "numeric": true,
            "override_special": "!#$%\u0026*()-_=+[]{}\u003c\u003e:?",
            "result": "k)jx+*x4m5y1khfa",
            "special": true,
            "upper": true
          },
          "sensitive_attributes": []
        },
        {
          "index_key": "vm_two",
          "schema_version": 3,
          "attributes": {
            "bcrypt_hash": "$2a$10$vgUlbKbfF8OFHNV86IPIPuoBIYDniS2y9nRhSzgCLlYRUUosgxz5C",
            "id": "none",
            "keepers": null,
            "length": 16,
            "lower": true,
            "min_lower": 0,
            "min_numeric": 0,
            "min_special": 0,
            "min_upper": 0,
            "number": true,
            "numeric": true,
            "override_special": "!#$%\u0026*()-_=+[]{}\u003c\u003e:?",
            "result": "*w{fyC]]pJ4=C2%F",
            "special": true,
            "upper": true
          },
          "sensitive_attributes": []
        }
      ]
    }
  ],
  "check_results": []
}
